<?xml version="1.0" encoding="utf-8"?>
<Project ToolsVersion="4.0" xmlns="http://schemas.microsoft.com/developer/msbuild/2003">
  <ItemGroup>
    <Filter Include="Platform">
      <UniqueIdentifier>{2AC788B4-1694-E3BF-3FAD-D1672BD9184E}</UniqueIdentifier>
    </Filter>
    <Filter Include="Zodiac">
      <UniqueIdentifier>{BF8EE0E1-AB30-0BB8-94EB-1E0C802C9208}</UniqueIdentifier>
    </Filter>
    <Filter Include="Zodiac\Events">
      <UniqueIdentifier>{C34D889A-2F0E-04D1-F848-4D4E64C848AD}</UniqueIdentifier>
    </Filter>
  </ItemGroup>
  <ItemGroup>
    <ClInclude Include="src\Platform\Windows\WindowsWindow.h">
      <Filter>Platform</Filter>
    </ClInclude>
    <ClInclude Include="src\Zodiac.h" />
    <ClInclude Include="src\Zodiac\Application.h">
      <Filter>Zodiac</Filter>
    </ClInclude>
    <ClInclude Include="src\Zodiac\Core.h">
      <Filter>Zodiac</Filter>
    </ClInclude>
    <ClInclude Include="src\Zodiac\EntryPoint.h">
      <Filter>Zodiac</Filter>
    </ClInclude>
    <ClInclude Include="src\Zodiac\Events\ApplicationEvent.h">
      <Filter>Zodiac\Events</Filter>
    </ClInclude>
    <ClInclude Include="src\Zodiac\Events\Event.h">
      <Filter>Zodiac\Events</Filter>
    </ClInclude>
    <ClInclude Include="src\Zodiac\Events\KeyEvent.h">
      <Filter>Zodiac\Events</Filter>
    </ClInclude>
    <ClInclude Include="src\Zodiac\Events\MouseEvent.h">
      <Filter>Zodiac\Events</Filter>
    </ClInclude>
    <ClInclude Include="src\Zodiac\Layer.h">
      <Filter>Zodiac</Filter>
    </ClInclude>
    <ClInclude Include="src\Zodiac\LayerStack.h">
      <Filter>Zodiac</Filter>
    </ClInclude>
    <ClInclude Include="src\Zodiac\Log.h">
      <Filter>Zodiac</Filter>
    </ClInclude>
    <ClInclude Include="src\Zodiac\Window.h">
      <Filter>Zodiac</Filter>
    </ClInclude>
    <ClInclude Include="src\zopch.h" />
    <ClInclude Include="src\Zodiac\ImGui\ImGuiLayer.h" />
    <ClInclude Include="src\Platform\OpenGL\ImGuiOpenGL3Renderer.h" />
    <ClInclude Include="src\Platform\OpenGL\ImGuiOpenGL3RendererLoader.h" />
    <ClInclude Include="src\Platform\OpenGL\ImGuiGLFWRenderer.h" />
  </ItemGroup>
  <ItemGroup>
    <ClCompile Include="src\Platform\Windows\WindowsWindow.cpp">
      <Filter>Platform</Filter>
    </ClCompile>
    <ClCompile Include="src\Zodiac\Application.cpp">
      <Filter>Zodiac</Filter>
    </ClCompile>
    <ClCompile Include="src\Zodiac\Layer.cpp">
      <Filter>Zodiac</Filter>
    </ClCompile>
    <ClCompile Include="src\Zodiac\LayerStack.cpp">
      <Filter>Zodiac</Filter>
    </ClCompile>
    <ClCompile Include="src\Zodiac\Log.cpp">
      <Filter>Zodiac</Filter>
    </ClCompile>
    <ClCompile Include="src\zopch.cpp" />
    <ClCompile Include="src\Zodiac\ImGui\ImGuiLayer.cpp" />
    <ClCompile Include="src\Platform\OpenGL\ImGuiOpenGL3Renderer.cpp" />
    <ClCompile Include="src\Platform\OpenGL\ImGuiGLFWRenderer.cpp" />
  </ItemGroup>
</Project>