<?xml version="1.0" encoding="utf-8"?>
<Project ToolsVersion="4.0" xmlns="http://schemas.microsoft.com/developer/msbuild/2003">
  <ItemGroup>
    <Filter Include="Zodiac">
      <UniqueIdentifier>{BF8EE0E1-AB30-0BB8-94EB-1E0C802C9208}</UniqueIdentifier>
    </Filter>
  </ItemGroup>
  <ItemGroup>
    <ClInclude Include="src\Zodiac.h" />
    <ClInclude Include="src\Zodiac\Application.h">
      <Filter>Zodiac</Filter>
    </ClInclude>
    <ClInclude Include="src\Zodiac\Core.h">
      <Filter>Zodiac</Filter>
    </ClInclude>
    <ClInclude Include="src\Zodiac\EntryPoint.h">
      <Filter>Zodiac</Filter>
    </ClInclude>
    <ClInclude Include="src\Zodiac\Log.h">
      <Filter>Zodiac</Filter>
    </ClInclude>
  </ItemGroup>
  <ItemGroup>
    <ClCompile Include="src\Zodiac\Application.cpp">
      <Filter>Zodiac</Filter>
    </ClCompile>
    <ClCompile Include="src\Zodiac\Log.cpp">
      <Filter>Zodiac</Filter>
    </ClCompile>
  </ItemGroup>
</Project>